{
  "name": "font-analyzer",
  "lockfileVersion": 3,
  "requires": true,
  "packages": {
    "": {
      "devDependencies": {
        "@markw65/monkeyc-optimizer": "^1.2.7"
      }
    },
    "node_modules/@markw65/monkeyc-optimizer": {
      "version": "1.2.7",
      "resolved": "https://registry.npmjs.org/@markw65/monkeyc-optimizer/-/monkeyc-optimizer-1.2.7.tgz",
      "integrity": "sha512-xhR2ehPIxOiYNDtsm7auoj9GXd6r84GnIqc9vgSmd2OsXxsjFBgPXE4Ul2Ec2Ii40Cg2UtJbkEvVrLqvbVKROw==",
      "dev": true,
      "license": "MIT",
      "dependencies": {
        "@markw65/prettier-plugin-monkeyc": "^1.0.69",
        "7z-wasm": "^1.2.0"
      },
      "bin": {
        "cft-font-info": "bin/cft-font-info.js"
      }
    },
    "node_modules/@markw65/prettier-plugin-monkeyc": {
      "version": "1.0.69",
      "resolved": "https://registry.npmjs.org/@markw65/prettier-plugin-monkeyc/-/prettier-plugin-monkeyc-1.0.69.tgz",
      "integrity": "sha512-9qTizgZyTFLAz97OJYC+DHXqDDCJG3JRjV1MQIFPwEIPhtQz4saz/ij9udeFrNkVuegA0JhUgBqiy3BGsfiQDA==",
      "dev": true,
      "license": "MIT",
      "peerDependencies": {
        "prettier": ">2.8.0"
      }
    },
    "node_modules/7z-wasm": {
      "version": "1.2.0",
      "resolved": "https://registry.npmjs.org/7z-wasm/-/7z-wasm-1.2.0.tgz",
      "integrity": "sha512-AZjtWXFleAe5nQ27JYISs70cICjO0zZr4LU45I9pXKcrhG0qiEWgq3Vjwr9JHHihFLuqgc7uSHYVn/z3vXCjdw==",
      "dev": true,
      "license": "SEE LICENSE IN License.txt",
      "dependencies": {
        "readline-sync": "^1.4.10"
      },
      "bin": {
        "7z-wasm": "bin/cli"
      },
      "engines": {
        "node": ">=8.0.0"
      }
    },
    "node_modules/prettier": {
      "version": "3.9.9",
      "resolved": "https://registry.npmjs.org/prettier/-/prettier-3.9.9.tgz",
      "integrity": "sha512-Z/CJHIkdujO/OtN7nXUii0Rf3VT5SRuhjBA82Xvu2XhBUgX3nhP67T0LHceBdQLex7OOFGTox+Q5Yg8Jk2Qivg==",
      "dev": true,
      "license": "MIT",
      "peer": true,
      "bin": {
        "prettier": "bin/prettier.cjs"
      },
      "engines": {
        "node": ">=14"
      },
      "funding": {
        "url": "https://github.com/prettier/prettier?sponsor=1"
      }
    },
    "node_modules/readline-sync": {
      "version": "1.4.10",
      "resolved": "https://registry.npmjs.org/readline-sync/-/readline-sync-1.4.10.tgz",
      "integrity": "sha512-gNva8/6UAe8QYepIQH/jQ2qn91Qj0B9sYjMBBs3QOB8F2CXcKgLxQaJRP76sWVRQt+QU+8fAkCbCvjjMFu7Ycw==",
      "dev": true,
      "license": "MIT",
      "engines": {
        "node": ">= 0.8.0"
      }
    }
  }
}
