{
  "name": "font-analyzer",
  "lockfileVersion": 3,
  "requires": true,
  "packages": {
    "": {
      "devDependencies": {
        "@markw65/monkeyc-optimizer": "^1.1.44"
      }
    },
    "node_modules/@markw65/monkeyc-optimizer": {
      "version": "1.1.88",
      "resolved": "https://registry.npmjs.org/@markw65/monkeyc-optimizer/-/monkeyc-optimizer-1.1.88.tgz",
      "integrity": "sha512-eUjfgy0dGMDmnygRluhMA7Y8XVSlux/Kt91XBfDQ43uuxuiUh2ymQOnOr7ci28b8F5wJHEqlmPIEr8JXEsuwnw==",
      "dev": true,
      "license": "MIT",
      "dependencies": {
        "@markw65/prettier-plugin-monkeyc": "^1.0.61"
      },
      "bin": {
        "cft-font-info": "bin/cft-font-info.js"
      }
    },
    "node_modules/@markw65/prettier-plugin-monkeyc": {
      "version": "1.0.61",
      "resolved": "https://registry.npmjs.org/@markw65/prettier-plugin-monkeyc/-/prettier-plugin-monkeyc-1.0.61.tgz",
      "integrity": "sha512-CdbVsUOJA/h3euV04DRP34C6jJRfOsqy+uHtxR1/pxSQm4Kcv3t76344pmuUPb4maCK+2j/5bE1WAPMAj+8JVA==",
      "dev": true,
      "license": "MIT",
      "peerDependencies": {
        "prettier": ">2.5.1"
      }
    },
    "node_modules/prettier": {
      "version": "3.4.2",
      "resolved": "https://registry.npmjs.org/prettier/-/prettier-3.4.2.tgz",
      "integrity": "sha512-e9MewbtFo+Fevyuxn/4rrcDAaq0IYxPGLvObpQjiZBMAzB9IGmzlnG9RZy3FFas+eBMu2vA0CszMeduow5dIuQ==",
      "dev": true,
      "license": "MIT",
      "peer": true,
      "bin": {
        "prettier": "bin/prettier.cjs"
      },
      "engines": {
        "node": ">=14"
      },
      "funding": {
        "url": "https://github.com/prettier/prettier?sponsor=1"
      }
    }
  }
}
